
Microsoft Visual Studio Solution File, Format Version 12.00
# Visual Studio Version 17
VisualStudioVersion = 17.14.36310.24 d17.14
MinimumVisualStudioVersion = 10.0.40219.1
Project("{FAE04EC0-301F-11D3-BF4B-00C04F79EFBC}") = "PETSHOP", "PETSHOP\PETSHOP.csproj", "{7F448A8A-FC5A-414C-AB69-7E617E6E6F53}"
EndProject
Global
	GlobalSection(SolutionConfigurationPlatforms) = preSolution
		Debug|Any CPU = Debug|Any CPU
		Release|Any CPU = Release|Any CPU
	EndGlobalSection
	GlobalSection(ProjectConfigurationPlatforms) = postSolution
		{7F448A8A-FC5A-414C-AB69-7E617E6E6F53}.Debug|Any CPU.ActiveCfg = Debug|Any CPU
		{7F448A8A-FC5A-414C-AB69-7E617E6E6F53}.Debug|Any CPU.Build.0 = Debug|Any CPU
		{7F448A8A-FC5A-414C-AB69-7E617E6E6F53}.Release|Any CPU.ActiveCfg = Release|Any CPU
		{7F448A8A-FC5A-414C-AB69-7E617E6E6F53}.Release|Any CPU.Build.0 = Release|Any CPU
	EndGlobalSection
	GlobalSection(SolutionProperties) = preSolution
		HideSolutionNode = FALSE
	EndGlobalSection
	GlobalSection(ExtensibilityGlobals) = postSolution
		SolutionGuid = {604B8B51-6DF0-4877-94DF-92698EB6A0D7}
	EndGlobalSection
EndGlobal
